// !$*UTF8*$!
{
	archiveVersion = 1;
	classes = {
	};
	objectVersion = 56;
	objects = {

/* Begin PBXBuildFile section */
		603689A42958784B009C9945 /* MainViewController.swift in Sources */ = {isa = PBXBuildFile; fileRef = 603689A32958784B009C9945 /* MainViewController.swift */; };
		603689A629587B29009C9945 /* DayCollectionViewCell.swift in Sources */ = {isa = PBXBuildFile; fileRef = 603689A529587B29009C9945 /* DayCollectionViewCell.swift */; };
		603C65F0293DE1B900233151 /* AppDelegate.swift in Sources */ = {isa = PBXBuildFile; fileRef = 603C65EF293DE1B900233151 /* AppDelegate.swift */; };
		603C65F2293DE1B900233151 /* SceneDelegate.swift in Sources */ = {isa = PBXBuildFile; fileRef = 603C65F1293DE1B900233151 /* SceneDelegate.swift */; };
		603C65F7293DE1B900233151 /* Main.storyboard in Resources */ = {isa = PBXBuildFile; fileRef = 603C65F5293DE1B900233151 /* Main.storyboard */; };
		603C65FA293DE1B900233151 /* RainAlert.xcdatamodeld in Sources */ = {isa = PBXBuildFile; fileRef = 603C65F8293DE1B900233151 /* RainAlert.xcdatamodeld */; };
		603C65FC293DE1BA00233151 /* Assets.xcassets in Resources */ = {isa = PBXBuildFile; fileRef = 603C65FB293DE1BA00233151 /* Assets.xcassets */; };
		603C65FF293DE1BA00233151 /* LaunchScreen.storyboard in Resources */ = {isa = PBXBuildFile; fileRef = 603C65FD293DE1BA00233151 /* LaunchScreen.storyboard */; };
		603C6608293DE41E00233151 /* WeatherModel.swift in Sources */ = {isa = PBXBuildFile; fileRef = 603C6607293DE41E00233151 /* WeatherModel.swift */; };
		60429673298266D60075C69B /* Keys.swift in Sources */ = {isa = PBXBuildFile; fileRef = 60429672298266D60075C69B /* Keys.swift */; };
		6042967529826DAA0075C69B /* WeatherData.swift in Sources */ = {isa = PBXBuildFile; fileRef = 6042967429826DAA0075C69B /* WeatherData.swift */; };
		604296772982F2680075C69B /* thunder.wav in Resources */ = {isa = PBXBuildFile; fileRef = 604296762982F2680075C69B /* thunder.wav */; };
		604E86DB29ABB6830026F6A0 /* Networking.swift in Sources */ = {isa = PBXBuildFile; fileRef = 604E86DA29ABB6820026F6A0 /* Networking.swift */; };
		604E86DD29ABB75E0026F6A0 /* Rain.swift in Sources */ = {isa = PBXBuildFile; fileRef = 604E86DC29ABB75E0026F6A0 /* Rain.swift */; };
		604E86DF29ABB7F80026F6A0 /* WeatherViewModel.swift in Sources */ = {isa = PBXBuildFile; fileRef = 604E86DE29ABB7F80026F6A0 /* WeatherViewModel.swift */; };
		604E86E229ACD3170026F6A0 /* SettingsTableViewController.swift in Sources */ = {isa = PBXBuildFile; fileRef = 604E86E129ACD3170026F6A0 /* SettingsTableViewController.swift */; };
		604E86E429ACD3990026F6A0 /* SettingsViewModel.swift in Sources */ = {isa = PBXBuildFile; fileRef = 604E86E329ACD3990026F6A0 /* SettingsViewModel.swift */; };
		60672E12297446AD0073BD7A /* RainTableViewController.swift in Sources */ = {isa = PBXBuildFile; fileRef = 60672E11297446AD0073BD7A /* RainTableViewController.swift */; };
		6067B2A5293F55E9006C60A1 /* NotificationViewModel.swift in Sources */ = {isa = PBXBuildFile; fileRef = 6067B2A4293F55E9006C60A1 /* NotificationViewModel.swift */; };
/* End PBXBuildFile section */

/* Begin PBXFileReference section */
		603689A32958784B009C9945 /* MainViewController.swift */ = {isa = PBXFileReference; lastKnownFileType = sourcecode.swift; path = MainViewController.swift; sourceTree = "<group>"; };
		603689A529587B29009C9945 /* DayCollectionViewCell.swift */ = {isa = PBXFileReference; lastKnownFileType = sourcecode.swift; path = DayCollectionViewCell.swift; sourceTree = "<group>"; };
		603C65EC293DE1B900233151 /* RainAlert.app */ = {isa = PBXFileReference; explicitFileType = wrapper.application; includeInIndex = 0; path = RainAlert.app; sourceTree = BUILT_PRODUCTS_DIR; };
		603C65EF293DE1B900233151 /* AppDelegate.swift */ = {isa = PBXFileReference; lastKnownFileType = sourcecode.swift; path = AppDelegate.swift; sourceTree = "<group>"; };
		603C65F1293DE1B900233151 /* SceneDelegate.swift */ = {isa = PBXFileReference; lastKnownFileType = sourcecode.swift; path = SceneDelegate.swift; sourceTree = "<group>"; };
		603C65F6293DE1B900233151 /* Base */ = {isa = PBXFileReference; lastKnownFileType = file.storyboard; name = Base; path = Base.lproj/Main.storyboard; sourceTree = "<group>"; };
		603C65F9293DE1B900233151 /* RainAlert.xcdatamodel */ = {isa = PBXFileReference; lastKnownFileType = wrapper.xcdatamodel; path = RainAlert.xcdatamodel; sourceTree = "<group>"; };
		603C65FB293DE1BA00233151 /* Assets.xcassets */ = {isa = PBXFileReference; lastKnownFileType = folder.assetcatalog; path = Assets.xcassets; sourceTree = "<group>"; };
		603C65FE293DE1BA00233151 /* Base */ = {isa = PBXFileReference; lastKnownFileType = file.storyboard; name = Base; path = Base.lproj/LaunchScreen.storyboard; sourceTree = "<group>"; };
		603C6600293DE1BA00233151 /* Info.plist */ = {isa = PBXFileReference; lastKnownFileType = text.plist.xml; path = Info.plist; sourceTree = "<group>"; };
		603C6606293DE1D100233151 /* RainAlert.entitlements */ = {isa = PBXFileReference; lastKnownFileType = text.plist.entitlements; path = RainAlert.entitlements; sourceTree = "<group>"; };
		603C6607293DE41E00233151 /* WeatherModel.swift */ = {isa = PBXFileReference; lastKnownFileType = sourcecode.swift; path = WeatherModel.swift; sourceTree = "<group>"; };
		60429672298266D60075C69B /* Keys.swift */ = {isa = PBXFileReference; lastKnownFileType = sourcecode.swift; path = Keys.swift; sourceTree = "<group>"; };
		6042967429826DAA0075C69B /* WeatherData.swift */ = {isa = PBXFileReference; lastKnownFileType = sourcecode.swift; path = WeatherData.swift; sourceTree = "<group>"; };
		604296762982F2680075C69B /* thunder.wav */ = {isa = PBXFileReference; lastKnownFileType = audio.wav; path = thunder.wav; sourceTree = "<group>"; };
		604E86DA29ABB6820026F6A0 /* Networking.swift */ = {isa = PBXFileReference; lastKnownFileType = sourcecode.swift; path = Networking.swift; sourceTree = "<group>"; };
		604E86DC29ABB75E0026F6A0 /* Rain.swift */ = {isa = PBXFileReference; lastKnownFileType = sourcecode.swift; path = Rain.swift; sourceTree = "<group>"; };
		604E86DE29ABB7F80026F6A0 /* WeatherViewModel.swift */ = {isa = PBXFileReference; lastKnownFileType = sourcecode.swift; path = WeatherViewModel.swift; sourceTree = "<group>"; };
		604E86E129ACD3170026F6A0 /* SettingsTableViewController.swift */ = {isa = PBXFileReference; lastKnownFileType = sourcecode.swift; path = SettingsTableViewController.swift; sourceTree = "<group>"; };
		604E86E329ACD3990026F6A0 /* SettingsViewModel.swift */ = {isa = PBXFileReference; lastKnownFileType = sourcecode.swift; path = SettingsViewModel.swift; sourceTree = "<group>"; };
		60672E11297446AD0073BD7A /* RainTableViewController.swift */ = {isa = PBXFileReference; lastKnownFileType = sourcecode.swift; path = RainTableViewController.swift; sourceTree = "<group>"; };
		6067B2A4293F55E9006C60A1 /* NotificationViewModel.swift */ = {isa = PBXFileReference; lastKnownFileType = sourcecode.swift; path = NotificationViewModel.swift; sourceTree = "<group>"; };
/* End PBXFileReference section */

/* Begin PBXFrameworksBuildPhase section */
		603C65E9293DE1B900233151 /* Frameworks */ = {
			isa = PBXFrameworksBuildPhase;
			buildActionMask = 2147483647;
			files = (
			);
			runOnlyForDeploymentPostprocessing = 0;
		};
/* End PBXFrameworksBuildPhase section */

/* Begin PBXGroup section */
		603C65E3293DE1B900233151 = {
			isa = PBXGroup;
			children = (
				603C65EE293DE1B900233151 /* RainAlert */,
				603C65ED293DE1B900233151 /* Products */,
			);
			sourceTree = "<group>";
		};
		603C65ED293DE1B900233151 /* Products */ = {
			isa = PBXGroup;
			children = (
				603C65EC293DE1B900233151 /* RainAlert.app */,
			);
			name = Products;
			sourceTree = "<group>";
		};
		603C65EE293DE1B900233151 /* RainAlert */ = {
			isa = PBXGroup;
			children = (
				603C6606293DE1D100233151 /* RainAlert.entitlements */,
				60429672298266D60075C69B /* Keys.swift */,
				603C65F1293DE1B900233151 /* SceneDelegate.swift */,
				603C65EF293DE1B900233151 /* AppDelegate.swift */,
				60A0E4CE293E55C100AEB086 /* Model */,
				60A0E4CD293E55B900AEB086 /* View */,
				604E86D829ABB4DB0026F6A0 /* ViewModel */,
				603C65FB293DE1BA00233151 /* Assets.xcassets */,
				603C6600293DE1BA00233151 /* Info.plist */,
				603C65F8293DE1B900233151 /* RainAlert.xcdatamodeld */,
				604296762982F2680075C69B /* thunder.wav */,
			);
			path = RainAlert;
			sourceTree = "<group>";
		};
		604E86D829ABB4DB0026F6A0 /* ViewModel */ = {
			isa = PBXGroup;
			children = (
				6067B2A4293F55E9006C60A1 /* NotificationViewModel.swift */,
				604E86DE29ABB7F80026F6A0 /* WeatherViewModel.swift */,
				604E86DA29ABB6820026F6A0 /* Networking.swift */,
				604E86E329ACD3990026F6A0 /* SettingsViewModel.swift */,
			);
			path = ViewModel;
			sourceTree = "<group>";
		};
		60A0E4CD293E55B900AEB086 /* View */ = {
			isa = PBXGroup;
			children = (
				603C65F5293DE1B900233151 /* Main.storyboard */,
				603C65FD293DE1BA00233151 /* LaunchScreen.storyboard */,
				603689A529587B29009C9945 /* DayCollectionViewCell.swift */,
				603689A32958784B009C9945 /* MainViewController.swift */,
				60672E11297446AD0073BD7A /* RainTableViewController.swift */,
				604E86E129ACD3170026F6A0 /* SettingsTableViewController.swift */,
			);
			path = View;
			sourceTree = "<group>";
		};
		60A0E4CE293E55C100AEB086 /* Model */ = {
			isa = PBXGroup;
			children = (
				6042967429826DAA0075C69B /* WeatherData.swift */,
				603C6607293DE41E00233151 /* WeatherModel.swift */,
				604E86DC29ABB75E0026F6A0 /* Rain.swift */,
			);
			path = Model;
			sourceTree = "<group>";
		};
/* End PBXGroup section */

/* Begin PBXNativeTarget section */
		603C65EB293DE1B900233151 /* RainAlert */ = {
			isa = PBXNativeTarget;
			buildConfigurationList = 603C6603293DE1BA00233151 /* Build configuration list for PBXNativeTarget "RainAlert" */;
			buildPhases = (
				603C65E8293DE1B900233151 /* Sources */,
				603C65E9293DE1B900233151 /* Frameworks */,
				603C65EA293DE1B900233151 /* Resources */,
			);
			buildRules = (
			);
			dependencies = (
			);
			name = RainAlert;
			productName = RainAlert;
			productReference = 603C65EC293DE1B900233151 /* RainAlert.app */;
			productType = "com.apple.product-type.application";
		};
/* End PBXNativeTarget section */

/* Begin PBXProject section */
		603C65E4293DE1B900233151 /* Project object */ = {
			isa = PBXProject;
			attributes = {
				BuildIndependentTargetsInParallel = 1;
				LastSwiftUpdateCheck = 1400;
				LastUpgradeCheck = 1400;
				TargetAttributes = {
					603C65EB293DE1B900233151 = {
						CreatedOnToolsVersion = 14.0.1;
					};
				};
			};
			buildConfigurationList = 603C65E7293DE1B900233151 /* Build configuration list for PBXProject "RainAlert" */;
			compatibilityVersion = "Xcode 14.0";
			developmentRegion = en;
			hasScannedForEncodings = 0;
			knownRegions = (
				en,
				Base,
			);
			mainGroup = 603C65E3293DE1B900233151;
			productRefGroup = 603C65ED293DE1B900233151 /* Products */;
			projectDirPath = "";
			projectRoot = "";
			targets = (
				603C65EB293DE1B900233151 /* RainAlert */,
			);
		};
/* End PBXProject section */

/* Begin PBXResourcesBuildPhase section */
		603C65EA293DE1B900233151 /* Resources */ = {
			isa = PBXResourcesBuildPhase;
			buildActionMask = 2147483647;
			files = (
				604296772982F2680075C69B /* thunder.wav in Resources */,
				603C65FF293DE1BA00233151 /* LaunchScreen.storyboard in Resources */,
				603C65FC293DE1BA00233151 /* Assets.xcassets in Resources */,
				603C65F7293DE1B900233151 /* Main.storyboard in Resources */,
			);
			runOnlyForDeploymentPostprocessing = 0;
		};
/* End PBXResourcesBuildPhase section */

/* Begin PBXSourcesBuildPhase section */
		603C65E8293DE1B900233151 /* Sources */ = {
			isa = PBXSourcesBuildPhase;
			buildActionMask = 2147483647;
			files = (
				60429673298266D60075C69B /* Keys.swift in Sources */,
				604E86E229ACD3170026F6A0 /* SettingsTableViewController.swift in Sources */,
				603689A629587B29009C9945 /* DayCollectionViewCell.swift in Sources */,
				603C65FA293DE1B900233151 /* RainAlert.xcdatamodeld in Sources */,
				604E86DF29ABB7F80026F6A0 /* WeatherViewModel.swift in Sources */,
				604E86E429ACD3990026F6A0 /* SettingsViewModel.swift in Sources */,
				604E86DB29ABB6830026F6A0 /* Networking.swift in Sources */,
				603689A42958784B009C9945 /* MainViewController.swift in Sources */,
				604E86DD29ABB75E0026F6A0 /* Rain.swift in Sources */,
				6067B2A5293F55E9006C60A1 /* NotificationViewModel.swift in Sources */,
				603C65F0293DE1B900233151 /* AppDelegate.swift in Sources */,
				60672E12297446AD0073BD7A /* RainTableViewController.swift in Sources */,
				603C65F2293DE1B900233151 /* SceneDelegate.swift in Sources */,
				603C6608293DE41E00233151 /* WeatherModel.swift in Sources */,
				6042967529826DAA0075C69B /* WeatherData.swift in Sources */,
			);
			runOnlyForDeploymentPostprocessing = 0;
		};
/* End PBXSourcesBuildPhase section */

/* Begin PBXVariantGroup section */
		603C65F5293DE1B900233151 /* Main.storyboard */ = {
			isa = PBXVariantGroup;
			children = (
				603C65F6293DE1B900233151 /* Base */,
			);
			name = Main.storyboard;
			sourceTree = "<group>";
		};
		603C65FD293DE1BA00233151 /* LaunchScreen.storyboard */ = {
			isa = PBXVariantGroup;
			children = (
				603C65FE293DE1BA00233151 /* Base */,
			);
			name = LaunchScreen.storyboard;
			sourceTree = "<group>";
		};
/* End PBXVariantGroup section */

/* Begin XCBuildConfiguration section */
		603C6601293DE1BA00233151 /* Debug */ = {
			isa = XCBuildConfiguration;
			buildSettings = {
				ALWAYS_SEARCH_USER_PATHS = NO;
				CLANG_ANALYZER_NONNULL = YES;
				CLANG_ANALYZER_NUMBER_OBJECT_CONVERSION = YES_AGGRESSIVE;
				CLANG_CXX_LANGUAGE_STANDARD = "gnu++20";
				CLANG_ENABLE_MODULES = YES;
				CLANG_ENABLE_OBJC_ARC = YES;
				CLANG_ENABLE_OBJC_WEAK = YES;
				CLANG_WARN_BLOCK_CAPTURE_AUTORELEASING = YES;
				CLANG_WARN_BOOL_CONVERSION = YES;
				CLANG_WARN_COMMA = YES;
				CLANG_WARN_CONSTANT_CONVERSION = YES;
				CLANG_WARN_DEPRECATED_OBJC_IMPLEMENTATIONS = YES;
				CLANG_WARN_DIRECT_OBJC_ISA_USAGE = YES_ERROR;
				CLANG_WARN_DOCUMENTATION_COMMENTS = YES;
				CLANG_WARN_EMPTY_BODY = YES;
				CLANG_WARN_ENUM_CONVERSION = YES;
				CLANG_WARN_INFINITE_RECURSION = YES;
				CLANG_WARN_INT_CONVERSION = YES;
				CLANG_WARN_NON_LITERAL_NULL_CONVERSION = YES;
				CLANG_WARN_OBJC_IMPLICIT_RETAIN_SELF = YES;
				CLANG_WARN_OBJC_LITERAL_CONVERSION = YES;
				CLANG_WARN_OBJC_ROOT_CLASS = YES_ERROR;
				CLANG_WARN_QUOTED_INCLUDE_IN_FRAMEWORK_HEADER = YES;
				CLANG_WARN_RANGE_LOOP_ANALYSIS = YES;
				CLANG_WARN_STRICT_PROTOTYPES = YES;
				CLANG_WARN_SUSPICIOUS_MOVE = YES;
				CLANG_WARN_UNGUARDED_AVAILABILITY = YES_AGGRESSIVE;
				CLANG_WARN_UNREACHABLE_CODE = YES;
				CLANG_WARN__DUPLICATE_METHOD_MATCH = YES;
				COPY_PHASE_STRIP = NO;
				DEBUG_INFORMATION_FORMAT = dwarf;
				ENABLE_STRICT_OBJC_MSGSEND = YES;
				ENABLE_TESTABILITY = YES;
				GCC_C_LANGUAGE_STANDARD = gnu11;
				GCC_DYNAMIC_NO_PIC = NO;
				GCC_NO_COMMON_BLOCKS = YES;
				GCC_OPTIMIZATION_LEVEL = 0;
				GCC_PREPROCESSOR_DEFINITIONS = (
					"DEBUG=1",
					"$(inherited)",
				);
				GCC_WARN_64_TO_32_BIT_CONVERSION = YES;
				GCC_WARN_ABOUT_RETURN_TYPE = YES_ERROR;
				GCC_WARN_UNDECLARED_SELECTOR = YES;
				GCC_WARN_UNINITIALIZED_AUTOS = YES_AGGRESSIVE;
				GCC_WARN_UNUSED_FUNCTION = YES;
				GCC_WARN_UNUSED_VARIABLE = YES;
				IPHONEOS_DEPLOYMENT_TARGET = 16.0;
				MTL_ENABLE_DEBUG_INFO = INCLUDE_SOURCE;
				MTL_FAST_MATH = YES;
				ONLY_ACTIVE_ARCH = YES;
				SDKROOT = iphoneos;
				SWIFT_ACTIVE_COMPILATION_CONDITIONS = DEBUG;
				SWIFT_OPTIMIZATION_LEVEL = "-Onone";
			};
			name = Debug;
		};
		603C6602293DE1BA00233151 /* Release */ = {
			isa = XCBuildConfiguration;
			buildSettings = {
				ALWAYS_SEARCH_USER_PATHS = NO;
				CLANG_ANALYZER_NONNULL = YES;
				CLANG_ANALYZER_NUMBER_OBJECT_CONVERSION = YES_AGGRESSIVE;
				CLANG_CXX_LANGUAGE_STANDARD = "gnu++20";
				CLANG_ENABLE_MODULES = YES;
				CLANG_ENABLE_OBJC_ARC = YES;
				CLANG_ENABLE_OBJC_WEAK = YES;
				CLANG_WARN_BLOCK_CAPTURE_AUTORELEASING = YES;
				CLANG_WARN_BOOL_CONVERSION = YES;
				CLANG_WARN_COMMA = YES;
				CLANG_WARN_CONSTANT_CONVERSION = YES;
				CLANG_WARN_DEPRECATED_OBJC_IMPLEMENTATIONS = YES;
				CLANG_WARN_DIRECT_OBJC_ISA_USAGE = YES_ERROR;
				CLANG_WARN_DOCUMENTATION_COMMENTS = YES;
				CLANG_WARN_EMPTY_BODY = YES;
				CLANG_WARN_ENUM_CONVERSION = YES;
				CLANG_WARN_INFINITE_RECURSION = YES;
				CLANG_WARN_INT_CONVERSION = YES;
				CLANG_WARN_NON_LITERAL_NULL_CONVERSION = YES;
				CLANG_WARN_OBJC_IMPLICIT_RETAIN_SELF = YES;
				CLANG_WARN_OBJC_LITERAL_CONVERSION = YES;
				CLANG_WARN_OBJC_ROOT_CLASS = YES_ERROR;
				CLANG_WARN_QUOTED_INCLUDE_IN_FRAMEWORK_HEADER = YES;
				CLANG_WARN_RANGE_LOOP_ANALYSIS = YES;
				CLANG_WARN_STRICT_PROTOTYPES = YES;
				CLANG_WARN_SUSPICIOUS_MOVE = YES;
				CLANG_WARN_UNGUARDED_AVAILABILITY = YES_AGGRESSIVE;
				CLANG_WARN_UNREACHABLE_CODE = YES;
				CLANG_WARN__DUPLICATE_METHOD_MATCH = YES;
				COPY_PHASE_STRIP = NO;
				DEBUG_INFORMATION_FORMAT = "dwarf-with-dsym";
				ENABLE_NS_ASSERTIONS = NO;
				ENABLE_STRICT_OBJC_MSGSEND = YES;
				GCC_C_LANGUAGE_STANDARD = gnu11;
				GCC_NO_COMMON_BLOCKS = YES;
				GCC_WARN_64_TO_32_BIT_CONVERSION = YES;
				GCC_WARN_ABOUT_RETURN_TYPE = YES_ERROR;
				GCC_WARN_UNDECLARED_SELECTOR = YES;
				GCC_WARN_UNINITIALIZED_AUTOS = YES_AGGRESSIVE;
				GCC_WARN_UNUSED_FUNCTION = YES;
				GCC_WARN_UNUSED_VARIABLE = YES;
				IPHONEOS_DEPLOYMENT_TARGET = 16.0;
				MTL_ENABLE_DEBUG_INFO = NO;
				MTL_FAST_MATH = YES;
				SDKROOT = iphoneos;
				SWIFT_COMPILATION_MODE = wholemodule;
				SWIFT_OPTIMIZATION_LEVEL = "-O";
				VALIDATE_PRODUCT = YES;
			};
			name = Release;
		};
		603C6604293DE1BA00233151 /* Debug */ = {
			isa = XCBuildConfiguration;
			buildSettings = {
				ASSETCATALOG_COMPILER_APPICON_NAME = AppIcon;
				ASSETCATALOG_COMPILER_GLOBAL_ACCENT_COLOR_NAME = AccentColor;
				CODE_SIGN_ENTITLEMENTS = RainAlert/RainAlert.entitlements;
				CODE_SIGN_STYLE = Automatic;
				CURRENT_PROJECT_VERSION = 1;
				DEVELOPMENT_TEAM = TAJ6K5RR87;
				GENERATE_INFOPLIST_FILE = YES;
				INFOPLIST_FILE = RainAlert/Info.plist;
				INFOPLIST_KEY_NSLocationAlwaysAndWhenInUseUsageDescription = "We need your location to fetch the weather forcast!";
				INFOPLIST_KEY_NSLocationAlwaysUsageDescription = "We need your location to fetch the weather forcast!";
				INFOPLIST_KEY_NSLocationUsageDescription = "We need your location to fetch the weather forcast!";
				INFOPLIST_KEY_NSLocationWhenInUseUsageDescription = "We need your location to fetch the weather forcast!";
				INFOPLIST_KEY_UIApplicationSupportsIndirectInputEvents = YES;
				INFOPLIST_KEY_UILaunchStoryboardName = LaunchScreen;
				INFOPLIST_KEY_UIMainStoryboardFile = Main;
				INFOPLIST_KEY_UISupportedInterfaceOrientations = UIInterfaceOrientationPortrait;
				INFOPLIST_KEY_UISupportedInterfaceOrientations_iPad = "UIInterfaceOrientationPortrait UIInterfaceOrientationPortraitUpsideDown UIInterfaceOrientationLandscapeLeft UIInterfaceOrientationLandscapeRight";
				INFOPLIST_KEY_UISupportedInterfaceOrientations_iPhone = "UIInterfaceOrientationPortrait UIInterfaceOrientationLandscapeLeft UIInterfaceOrientationLandscapeRight";
				LD_RUNPATH_SEARCH_PATHS = (
					"$(inherited)",
					"@executable_path/Frameworks",
				);
				MARKETING_VERSION = 1.0;
				PRODUCT_BUNDLE_IDENTIFIER = co.swego26.RainAlert;
				PRODUCT_NAME = "$(TARGET_NAME)";
				SUPPORTED_PLATFORMS = "iphoneos iphonesimulator";
				SUPPORTS_MACCATALYST = NO;
				SUPPORTS_MAC_DESIGNED_FOR_IPHONE_IPAD = NO;
				SWIFT_EMIT_LOC_STRINGS = YES;
				SWIFT_VERSION = 5.0;
				TARGETED_DEVICE_FAMILY = 1;
			};
			name = Debug;
		};
		603C6605293DE1BA00233151 /* Release */ = {
			isa = XCBuildConfiguration;
			buildSettings = {
				ASSETCATALOG_COMPILER_APPICON_NAME = AppIcon;
				ASSETCATALOG_COMPILER_GLOBAL_ACCENT_COLOR_NAME = AccentColor;
				CODE_SIGN_ENTITLEMENTS = RainAlert/RainAlert.entitlements;
				CODE_SIGN_STYLE = Automatic;
				CURRENT_PROJECT_VERSION = 1;
				DEVELOPMENT_TEAM = TAJ6K5RR87;
				GENERATE_INFOPLIST_FILE = YES;
				INFOPLIST_FILE = RainAlert/Info.plist;
				INFOPLIST_KEY_NSLocationAlwaysAndWhenInUseUsageDescription = "We need your location to fetch the weather forcast!";
				INFOPLIST_KEY_NSLocationAlwaysUsageDescription = "We need your location to fetch the weather forcast!";
				INFOPLIST_KEY_NSLocationUsageDescription = "We need your location to fetch the weather forcast!";
				INFOPLIST_KEY_NSLocationWhenInUseUsageDescription = "We need your location to fetch the weather forcast!";
				INFOPLIST_KEY_UIApplicationSupportsIndirectInputEvents = YES;
				INFOPLIST_KEY_UILaunchStoryboardName = LaunchScreen;
				INFOPLIST_KEY_UIMainStoryboardFile = Main;
				INFOPLIST_KEY_UISupportedInterfaceOrientations = UIInterfaceOrientationPortrait;
				INFOPLIST_KEY_UISupportedInterfaceOrientations_iPad = "UIInterfaceOrientationPortrait UIInterfaceOrientationPortraitUpsideDown UIInterfaceOrientationLandscapeLeft UIInterfaceOrientationLandscapeRight";
				INFOPLIST_KEY_UISupportedInterfaceOrientations_iPhone = "UIInterfaceOrientationPortrait UIInterfaceOrientationLandscapeLeft UIInterfaceOrientationLandscapeRight";
				LD_RUNPATH_SEARCH_PATHS = (
					"$(inherited)",
					"@executable_path/Frameworks",
				);
				MARKETING_VERSION = 1.0;
				PRODUCT_BUNDLE_IDENTIFIER = co.swego26.RainAlert;
				PRODUCT_NAME = "$(TARGET_NAME)";
				SUPPORTED_PLATFORMS = "iphoneos iphonesimulator";
				SUPPORTS_MACCATALYST = NO;
				SUPPORTS_MAC_DESIGNED_FOR_IPHONE_IPAD = NO;
				SWIFT_EMIT_LOC_STRINGS = YES;
				SWIFT_VERSION = 5.0;
				TARGETED_DEVICE_FAMILY = 1;
			};
			name = Release;
		};
/* End XCBuildConfiguration section */

/* Begin XCConfigurationList section */
		603C65E7293DE1B900233151 /* Build configuration list for PBXProject "RainAlert" */ = {
			isa = XCConfigurationList;
			buildConfigurations = (
				603C6601293DE1BA00233151 /* Debug */,
				603C6602293DE1BA00233151 /* Release */,
			);
			defaultConfigurationIsVisible = 0;
			defaultConfigurationName = Release;
		};
		603C6603293DE1BA00233151 /* Build configuration list for PBXNativeTarget "RainAlert" */ = {
			isa = XCConfigurationList;
			buildConfigurations = (
				603C6604293DE1BA00233151 /* Debug */,
				603C6605293DE1BA00233151 /* Release */,
			);
			defaultConfigurationIsVisible = 0;
			defaultConfigurationName = Release;
		};
/* End XCConfigurationList section */

/* Begin XCVersionGroup section */
		603C65F8293DE1B900233151 /* RainAlert.xcdatamodeld */ = {
			isa = XCVersionGroup;
			children = (
				603C65F9293DE1B900233151 /* RainAlert.xcdatamodel */,
			);
			currentVersion = 603C65F9293DE1B900233151 /* RainAlert.xcdatamodel */;
			path = RainAlert.xcdatamodeld;
			sourceTree = "<group>";
			versionGroupType = wrapper.xcdatamodel;
		};
/* End XCVersionGroup section */
	};
	rootObject = 603C65E4293DE1B900233151 /* Project object */;
}
